
Microsoft Visual Studio Solution File, Format Version 12.00
# Visual Studio Version 16
VisualStudioVersion = 16.0.31515.178
MinimumVisualStudioVersion = 10.0.40219.1
Project("{FAE04EC0-301F-11D3-BF4B-00C04F79EFBC}") = "ClimaTempoSimples", "ClimaTempoSimples.csproj", "{8D654396-B3C0-45A1-9BEB-00E7658F8F17}"
EndProject
Global
	GlobalSection(SolutionConfigurationPlatforms) = preSolution
		Debug|Any CPU = Debug|Any CPU
		Release|Any CPU = Release|Any CPU
	EndGlobalSection
	GlobalSection(ProjectConfigurationPlatforms) = postSolution
		{8D654396-B3C0-45A1-9BEB-00E7658F8F17}.Debug|Any CPU.ActiveCfg = Debug|Any CPU
		{8D654396-B3C0-45A1-9BEB-00E7658F8F17}.Debug|Any CPU.Build.0 = Debug|Any CPU
		{8D654396-B3C0-45A1-9BEB-00E7658F8F17}.Release|Any CPU.ActiveCfg = Release|Any CPU
		{8D654396-B3C0-45A1-9BEB-00E7658F8F17}.Release|Any CPU.Build.0 = Release|Any CPU
	EndGlobalSection
	GlobalSection(SolutionProperties) = preSolution
		HideSolutionNode = FALSE
	EndGlobalSection
	GlobalSection(ExtensibilityGlobals) = postSolution
		SolutionGuid = {2DAB7F68-DDC2-4D35-8422-3144CFF00301}
	EndGlobalSection
EndGlobal
